<?xml version="1.0" encoding="utf-8"?>
<Project ToolsVersion="4.0" xmlns="http://schemas.microsoft.com/developer/msbuild/2003">
  <ItemGroup>
    <Filter Include="Source Files">
      <UniqueIdentifier>{4FC737F1-C7A5-4376-A066-2A32D752A2FF}</UniqueIdentifier>
      <Extensions>cpp;c;cc;cxx;def;odl;idl;hpj;bat;asm;asmx</Extensions>
    </Filter>
    <Filter Include="Header Files">
      <UniqueIdentifier>{93995380-89BD-4b04-88EB-625FBE52EBFB}</UniqueIdentifier>
      <Extensions>h;hh;hpp;hxx;hm;inl;inc;ipp;xsd</Extensions>
    </Filter>
    <Filter Include="Resource Files">
      <UniqueIdentifier>{67DA6AB6-F800-4c08-8B7A-83BB121AAD01}</UniqueIdentifier>
      <Extensions>rc;ico;cur;bmp;dlg;rc2;rct;bin;rgs;gif;jpg;jpeg;jpe;resx;tiff;tif;png;wav;mfcribbon-ms</Extensions>
    </Filter>
  </ItemGroup>
  <ItemGroup>
    <ClInclude Include="MFCGoodsManagement.h">
      <Filter>Header Files</Filter>
    </ClInclude>
    <ClInclude Include="MFCGoodsManagementDlg.h">
      <Filter>Header Files</Filter>
    </ClInclude>
    <ClInclude Include="framework.h">
      <Filter>Header Files</Filter>
    </ClInclude>
    <ClInclude Include="targetver.h">
      <Filter>Header Files</Filter>
    </ClInclude>
    <ClInclude Include="Resource.h">
      <Filter>Header Files</Filter>
    </ClInclude>
    <ClInclude Include="pch.h">
      <Filter>Header Files</Filter>
    </ClInclude>
    <ClInclude Include="maindialog.h">
      <Filter>Header Files</Filter>
    </ClInclude>
    <ClInclude Include="GLdialog.h">
      <Filter>Header Files</Filter>
    </ClInclude>
    <ClInclude Include="SALEMANAGERMENT_DL.h">
      <Filter>Header Files</Filter>
    </ClInclude>
    <ClInclude Include="ORDERMANAGERMENT.h">
      <Filter>Header Files</Filter>
    </ClInclude>
    <ClInclude Include="DL_ADD_ORDERS.h">
      <Filter>Header Files</Filter>
    </ClInclude>
    <ClInclude Include="DL_CHECKORDERS.h">
      <Filter>Header Files</Filter>
    </ClInclude>
  </ItemGroup>
  <ItemGroup>
    <ClCompile Include="MFCGoodsManagement.cpp">
      <Filter>Source Files</Filter>
    </ClCompile>
    <ClCompile Include="MFCGoodsManagementDlg.cpp">
      <Filter>Source Files</Filter>
    </ClCompile>
    <ClCompile Include="pch.cpp">
      <Filter>Source Files</Filter>
    </ClCompile>
    <ClCompile Include="maindialog.cpp">
      <Filter>Source Files</Filter>
    </ClCompile>
    <ClCompile Include="GLdialog.cpp">
      <Filter>Source Files</Filter>
    </ClCompile>
    <ClCompile Include="SALEMANAGERMENT_DL.cpp">
      <Filter>Source Files</Filter>
    </ClCompile>
    <ClCompile Include="ORDERMANAGERMENT.cpp">
      <Filter>Source Files</Filter>
    </ClCompile>
    <ClCompile Include="DL_ADD_ORDERS.cpp">
      <Filter>Source Files</Filter>
    </ClCompile>
    <ClCompile Include="DL_CHECKORDERS.cpp">
      <Filter>Source Files</Filter>
    </ClCompile>
  </ItemGroup>
  <ItemGroup>
    <ResourceCompile Include="MFCGoodsManagement.rc">
      <Filter>Resource Files</Filter>
    </ResourceCompile>
  </ItemGroup>
  <ItemGroup>
    <None Include="res\MFCGoodsManagement.rc2">
      <Filter>Resource Files</Filter>
    </None>
  </ItemGroup>
  <ItemGroup>
    <Image Include="res\MFCGoodsManagement.ico">
      <Filter>Resource Files</Filter>
    </Image>
  </ItemGroup>
</Project>